
Microsoft Visual Studio Solution File, Format Version 12.00
# Visual Studio Version 17
VisualStudioVersion = 17.5.33516.290
MinimumVisualStudioVersion = 10.0.40219.1
Project("{9A19103F-16F7-4668-BE54-9A1E7A4F7556}") = "ErrorHandling", "ErrorHandling\ErrorHandling.csproj", "{762C9740-85F2-4365-BA56-B7273E94A310}"
EndProject
Global
	GlobalSection(SolutionConfigurationPlatforms) = preSolution
		Debug|Any CPU = Debug|Any CPU
		Release|Any CPU = Release|Any CPU
	EndGlobalSection
	GlobalSection(ProjectConfigurationPlatforms) = postSolution
		{762C9740-85F2-4365-BA56-B7273E94A310}.Debug|Any CPU.ActiveCfg = Debug|Any CPU
		{762C9740-85F2-4365-BA56-B7273E94A310}.Debug|Any CPU.Build.0 = Debug|Any CPU
		{762C9740-85F2-4365-BA56-B7273E94A310}.Release|Any CPU.ActiveCfg = Release|Any CPU
		{762C9740-85F2-4365-BA56-B7273E94A310}.Release|Any CPU.Build.0 = Release|Any CPU
	EndGlobalSection
	GlobalSection(SolutionProperties) = preSolution
		HideSolutionNode = FALSE
	EndGlobalSection
	GlobalSection(ExtensibilityGlobals) = postSolution
		SolutionGuid = {1FD7ED91-E53D-44BE-9FCF-C0042EA5B381}
	EndGlobalSection
EndGlobal
